
Microsoft Visual Studio Solution File, Format Version 12.00
# Visual Studio Version 17
VisualStudioVersion = 17.5.33530.505
MinimumVisualStudioVersion = 10.0.40219.1
Project("{FAE04EC0-301F-11D3-BF4B-00C04F79EFBC}") = "SwBoleto", "SwBoleto.csproj", "{B554EBB2-34F4-4FA8-86B9-F28A2912E506}"
EndProject
Global
	GlobalSection(SolutionConfigurationPlatforms) = preSolution
		Debug|Any CPU = Debug|Any CPU
		Release|Any CPU = Release|Any CPU
	EndGlobalSection
	GlobalSection(ProjectConfigurationPlatforms) = postSolution
		{B554EBB2-34F4-4FA8-86B9-F28A2912E506}.Debug|Any CPU.ActiveCfg = Debug|Any CPU
		{B554EBB2-34F4-4FA8-86B9-F28A2912E506}.Debug|Any CPU.Build.0 = Debug|Any CPU
		{B554EBB2-34F4-4FA8-86B9-F28A2912E506}.Release|Any CPU.ActiveCfg = Release|Any CPU
		{B554EBB2-34F4-4FA8-86B9-F28A2912E506}.Release|Any CPU.Build.0 = Release|Any CPU
	EndGlobalSection
	GlobalSection(SolutionProperties) = preSolution
		HideSolutionNode = FALSE
	EndGlobalSection
	GlobalSection(ExtensibilityGlobals) = postSolution
		SolutionGuid = {4EB1EE01-54ED-45DD-8F4D-E44DD74C3931}
	EndGlobalSection
EndGlobal
